{
  "name": "banking-ui-app",
  "version": "1.0.0",
  "lockfileVersion": 3,
  "requires": true,
  "packages": {
    "": {
      "name": "banking-ui-app",
      "version": "1.0.0",
      "dependencies": {
        "lucide-react": "^0.468.0",
        "react": "^19.2.0",
        "react-dom": "^19.2.0"
      },
      "devDependencies": {
        "@testing-library/jest-dom": "^6.8.0",
        "@testing-library/react": "^16.3.0",
        "vitest": "^3.2.4"
      }
    }
  }
}
